
Microsoft Visual Studio Solution File, Format Version 12.00
# Visual Studio 15
VisualStudioVersion = 15.0.27004.2006
MinimumVisualStudioVersion = 10.0.40219.1
Project("{FAE04EC0-301F-11D3-BF4B-00C04F79EFBC}") = "Klassen", "Klassen\Klassen.csproj", "{74520C69-A056-44D8-ABC1-98238E533565}"
EndProject
Global
	GlobalSection(SolutionConfigurationPlatforms) = preSolution
		Debug|Any CPU = Debug|Any CPU
		Release|Any CPU = Release|Any CPU
	EndGlobalSection
	GlobalSection(ProjectConfigurationPlatforms) = postSolution
		{74520C69-A056-44D8-ABC1-98238E533565}.Debug|Any CPU.ActiveCfg = Debug|Any CPU
		{74520C69-A056-44D8-ABC1-98238E533565}.Debug|Any CPU.Build.0 = Debug|Any CPU
		{74520C69-A056-44D8-ABC1-98238E533565}.Release|Any CPU.ActiveCfg = Release|Any CPU
		{74520C69-A056-44D8-ABC1-98238E533565}.Release|Any CPU.Build.0 = Release|Any CPU
	EndGlobalSection
	GlobalSection(SolutionProperties) = preSolution
		HideSolutionNode = FALSE
	EndGlobalSection
	GlobalSection(ExtensibilityGlobals) = postSolution
		SolutionGuid = {F990C178-305E-4B46-A298-45D76F1201D3}
	EndGlobalSection
EndGlobal
